<?xml version="1.0" encoding="UTF-8" standalone="yes" ?>
<CodeBlocks_project_file>
	<FileVersion major="1" minor="6" />
	<Project>
		<Option title="tst1" />
		<Option pch_mode="2" />
		<Option compiler="gcc" />
		<Build>
			<Target title="Debug">
				<Option output="../../../bin/tst1" prefix_auto="1" extension_auto="1" />
				<Option working_dir="../../../bin" />
				<Option object_output="obj/Debug/" />
				<Option type="1" />
				<Option compiler="gcc" />
				<Compiler>
					<Add option="-g" />
				</Compiler>
			</Target>
			<Target title="Release">
				<Option output="../../../bin/stst1" prefix_auto="1" extension_auto="1" />
				<Option working_dir="../../../bin" />
				<Option object_output="obj/Release/" />
				<Option type="1" />
				<Option compiler="gcc" />
				<Compiler>
					<Add option="-O2" />
				</Compiler>
				<Linker>
					<Add option="-s" />
				</Linker>
			</Target>
		</Build>
		<Compiler>
			<Add option="-Wall" />
			<Add option="-std=c++11" />
			<Add option="-fexceptions" />
			<Add option="-Dtern_console" />
			<Add directory="../.." />
			<Add directory="../../src/ext" />
			<Add directory="../../src" />
			<Add directory="../../../src" />
			<Add directory="$(#boost)" />
		</Compiler>
		<Unit filename="../../../src/Probability.cpp" />
		<Unit filename="../../../src/Probability.h" />
		<Unit filename="../../../src/cDelay.cpp" />
		<Unit filename="../../../src/cDelay.h" />
		<Unit filename="../../../src/cSink.cpp" />
		<Unit filename="../../../src/cSink.h" />
		<Unit filename="../../../src/cSource..cpp" />
		<Unit filename="../../../src/cSource.h" />
		<Unit filename="../../src/tern.cpp" />
		<Unit filename="../../src/tern.h" />
		<Unit filename="tst1.cpp" />
		<Extensions>
			<code_completion />
			<envvars />
			<debugger />
			<lib_finder disable_auto="1" />
		</Extensions>
	</Project>
</CodeBlocks_project_file>
