<?xml version="1.0" encoding="UTF-8" standalone="yes" ?>
<CodeBlocks_project_file>
	<FileVersion major="1" minor="6" />
	<Project>
		<Option title="vase" />
		<Option pch_mode="2" />
		<Option compiler="gcc" />
		<Build>
			<Target title="Debug">
				<Option output="../../bin/vase" prefix_auto="1" extension_auto="1" />
				<Option working_dir="../../bin" />
				<Option object_output="obj_vase/Debug/" />
				<Option type="0" />
				<Option compiler="gcc" />
				<Compiler>
					<Add option="-g" />
				</Compiler>
			</Target>
			<Target title="Release">
				<Option output="../../bin/vase" prefix_auto="1" extension_auto="1" />
				<Option working_dir="../../" />
				<Option object_output="obj_vase/Release/" />
				<Option type="0" />
				<Option compiler="gcc" />
				<Compiler>
					<Add option="-O2" />
				</Compiler>
				<Linker>
					<Add option="-s" />
				</Linker>
			</Target>
		</Build>
		<Compiler>
			<Add option="-std=c++11" />
			<Add option="-DWXWIDGETS" />
			<Add option="-D_mingw_" />
			<Add directory="." />
			<Add directory="$(#wxwidgets.include)" />
			<Add directory="$(#wxwidgets.setup)" />
			<Add directory="../../src" />
			<Add directory="../../gui" />
			<Add directory="../../../raven-set" />
			<Add directory="../../src/ext" />
			<Add directory="../../src/ext/freechart/include" />
			<Add directory="../../vase/src" />
		</Compiler>
		<Linker>
			<Add library="wxmsw31u" />
			<Add library="wxpng" />
			<Add library="wxjpeg" />
			<Add library="wxzlib" />
			<Add library="ole32" />
			<Add library="Comctl32" />
			<Add library="uuid" />
			<Add library="OleAut32" />
			<Add library="Winspool" />
			<Add library="gdi32" />
			<Add library="Comdlg32" />
			<Add library="version" />
			<Add library="shlwapi" />
			<Add directory="$(#wxwidgets.lib)" />
		</Linker>
		<Unit filename="../../../raven-set/raven_sqlite.cpp" />
		<Unit filename="../../gui/ProcessFlowSimGUI.h" />
		<Unit filename="../../gui/Table.h" />
		<Unit filename="../../ravenset/raven_sqlite.h" />
		<Unit filename="../../src/cQuality.h" />
		<Unit filename="../../src/cVase.h" />
		<Unit filename="../../src/ext/freechart/src/areadraw.cpp" />
		<Unit filename="../../src/ext/freechart/src/art.cpp" />
		<Unit filename="../../src/ext/freechart/src/axis/axis.cpp" />
		<Unit filename="../../src/ext/freechart/src/axis/compdateaxis.cpp" />
		<Unit filename="../../src/ext/freechart/src/axis/dateaxis.cpp" />
		<Unit filename="../../src/ext/freechart/src/axis/labelaxis.cpp" />
		<Unit filename="../../src/ext/freechart/src/axis/logarithmicnumberaxis.cpp" />
		<Unit filename="../../src/ext/freechart/src/axis/numberaxis.cpp" />
		<Unit filename="../../src/ext/freechart/src/axisplot.cpp" />
		<Unit filename="../../src/ext/freechart/src/chart.cpp" />
		<Unit filename="../../src/ext/freechart/src/chartpanel.cpp" />
		<Unit filename="../../src/ext/freechart/src/chartsplitpanel.cpp" />
		<Unit filename="../../src/ext/freechart/src/colorscheme.cpp" />
		<Unit filename="../../src/ext/freechart/src/dataset.cpp" />
		<Unit filename="../../src/ext/freechart/src/legend.cpp" />
		<Unit filename="../../src/ext/freechart/src/marker.cpp" />
		<Unit filename="../../src/ext/freechart/src/multiplot.cpp" />
		<Unit filename="../../src/ext/freechart/src/plot.cpp" />
		<Unit filename="../../src/ext/freechart/src/renderer.cpp" />
		<Unit filename="../../src/ext/freechart/src/symbol.cpp" />
		<Unit filename="../../src/ext/freechart/src/xy/vectordataset.cpp" />
		<Unit filename="../../src/ext/freechart/src/xy/xyarearenderer.cpp" />
		<Unit filename="../../src/ext/freechart/src/xy/xydataset.cpp" />
		<Unit filename="../../src/ext/freechart/src/xy/xydynamicdataset.cpp" />
		<Unit filename="../../src/ext/freechart/src/xy/xyhistorenderer.cpp" />
		<Unit filename="../../src/ext/freechart/src/xy/xylinerenderer.cpp" />
		<Unit filename="../../src/ext/freechart/src/xy/xyplot.cpp" />
		<Unit filename="../../src/ext/freechart/src/xy/xyrenderer.cpp" />
		<Unit filename="../../src/ext/freechart/src/xy/xysimpledataset.cpp" />
		<Unit filename="../../src/ext/sqlite3.c">
			<Option compilerVar="CC" />
		</Unit>
		<Unit filename="../../src/flower.h" />
		<Unit filename="../../src/flower_types.h" />
		<Unit filename="../../vase/ProcessSimGui.rc">
			<Option compilerVar="WINDRES" />
		</Unit>
		<Unit filename="../../vase/ProcessSimulationGui.cpp" />
		<Unit filename="../../vase/Table.cpp" />
		<Unit filename="../../vase/src/cQuality.cpp" />
		<Unit filename="../../vase/src/cVase .cpp" />
		<Unit filename="../../vase/src/flower.cpp" />
		<Unit filename="../../vase/src/flower_types.cpp" />
		<Unit filename="ModelFlowers.cpp" />
		<Unit filename="ModelFlowers.h" />
		<Extensions>
			<code_completion />
			<envvars />
			<debugger />
			<lib_finder disable_auto="1" />
			<DoxyBlocks>
				<comment_style block="0" line="0" />
				<doxyfile_project />
				<doxyfile_build />
				<doxyfile_warnings />
				<doxyfile_output />
				<doxyfile_dot />
				<general use_at_in_tags="1" />
			</DoxyBlocks>
		</Extensions>
	</Project>
</CodeBlocks_project_file>
