<?xml version="1.0" encoding="UTF-8" standalone="yes" ?>
<CodeBlocks_project_file>
	<FileVersion major="1" minor="6" />
	<Project>
		<Option title="tern" />
		<Option pch_mode="2" />
		<Option compiler="gcc" />
		<Build>
			<Target title="Debug">
				<Option output="../bin/tern" prefix_auto="1" extension_auto="1" />
				<Option working_dir="../bin" />
				<Option object_output="obj/Debug/tern" />
				<Option type="1" />
				<Option compiler="gcc" />
				<Compiler>
					<Add option="-g" />
				</Compiler>
			</Target>
			<Target title="Release">
				<Option output="../bin/tern" prefix_auto="1" extension_auto="1" />
				<Option working_dir="../bin" />
				<Option object_output="obj/Release/tern" />
				<Option type="1" />
				<Option compiler="gcc" />
				<Compiler>
					<Add option="-O2" />
				</Compiler>
				<Linker>
					<Add option="-s" />
				</Linker>
			</Target>
		</Build>
		<Compiler>
			<Add option="-std=c++11" />
			<Add option="-fexceptions" />
			<Add option="-D_mingw_" />
			<Add option="-Dtern_vase" />
			<Add option="-Dstops_in_vase" />
			<Add directory="$(#boost)" />
			<Add directory="." />
			<Add directory="../../raven-set" />
			<Add directory="../vase/src" />
			<Add directory="../../tern_in_vase" />
			<Add directory="../src" />
			<Add directory="../src/ext" />
			<Add directory="../models" />
		</Compiler>
		<Unit filename="../../raven-set/raven_sqlite.cpp" />
		<Unit filename="../models/model.cpp" />
		<Unit filename="../models/model.h" />
		<Unit filename="../src/Probability.cpp" />
		<Unit filename="../src/Probability.h" />
		<Unit filename="../src/cDelay.cpp" />
		<Unit filename="../src/cQuality.cpp" />
		<Unit filename="../src/cSink.cpp" />
		<Unit filename="../src/cSink.h" />
		<Unit filename="../src/cSource..cpp" />
		<Unit filename="../src/cSource.h" />
		<Unit filename="../src/ext/sqlite3.c">
			<Option compilerVar="CC" />
		</Unit>
		<Unit filename="../vase/src/cVase .cpp" />
		<Unit filename="../vase/src/cVase.h" />
		<Unit filename="../vase/src/flower.cpp" />
		<Unit filename="../vase/src/flower.h" />
		<Unit filename="../vase/src/flower_types.cpp" />
		<Unit filename="../vase/src/flower_types.h" />
		<Unit filename="TernSimEng.cpp" />
		<Unit filename="tern.cpp" />
		<Unit filename="tern.h" />
		<Extensions>
			<code_completion />
			<envvars />
			<debugger />
			<lib_finder disable_auto="1" />
		</Extensions>
	</Project>
</CodeBlocks_project_file>
